
Microsoft Visual Studio Solution File, Format Version 12.00
# Visual Studio Version 16
VisualStudioVersion = 16.0.28705.295
MinimumVisualStudioVersion = 10.0.40219.1
Project("{9A19103F-16F7-4668-BE54-9A1E7A4F7556}") = "jcIDS.app", "jcIDS.app\jcIDS.app.csproj", "{27BC04FA-EF16-4E8F-BA76-95778D5DE2D5}"
EndProject
Project("{9A19103F-16F7-4668-BE54-9A1E7A4F7556}") = "jcIDS.lib", "jcIDS.lib\jcIDS.lib.csproj", "{AE64F0A2-88E4-4AA1-8AF5-203363D451F1}"
EndProject
Project("{9A19103F-16F7-4668-BE54-9A1E7A4F7556}") = "jcIDS.web", "jcIDS.web\jcIDS.web.csproj", "{81A0A0A7-2A66-44C1-B3DC-29BAA05DD21E}"
EndProject
Project("{FAE04EC0-301F-11D3-BF4B-00C04F79EFBC}") = "jcIDS.ML.lib", "jcIDS.ML.lib\jcIDS.ML.lib.csproj", "{61127FA4-A077-4F8E-B02D-EC7880CE984C}"
EndProject
Global
	GlobalSection(SolutionConfigurationPlatforms) = preSolution
		Debug|Any CPU = Debug|Any CPU
		Release|Any CPU = Release|Any CPU
	EndGlobalSection
	GlobalSection(ProjectConfigurationPlatforms) = postSolution
		{27BC04FA-EF16-4E8F-BA76-95778D5DE2D5}.Debug|Any CPU.ActiveCfg = Debug|Any CPU
		{27BC04FA-EF16-4E8F-BA76-95778D5DE2D5}.Debug|Any CPU.Build.0 = Debug|Any CPU
		{27BC04FA-EF16-4E8F-BA76-95778D5DE2D5}.Release|Any CPU.ActiveCfg = Release|Any CPU
		{27BC04FA-EF16-4E8F-BA76-95778D5DE2D5}.Release|Any CPU.Build.0 = Release|Any CPU
		{AE64F0A2-88E4-4AA1-8AF5-203363D451F1}.Debug|Any CPU.ActiveCfg = Debug|Any CPU
		{AE64F0A2-88E4-4AA1-8AF5-203363D451F1}.Debug|Any CPU.Build.0 = Debug|Any CPU
		{AE64F0A2-88E4-4AA1-8AF5-203363D451F1}.Release|Any CPU.ActiveCfg = Release|Any CPU
		{AE64F0A2-88E4-4AA1-8AF5-203363D451F1}.Release|Any CPU.Build.0 = Release|Any CPU
		{81A0A0A7-2A66-44C1-B3DC-29BAA05DD21E}.Debug|Any CPU.ActiveCfg = Debug|Any CPU
		{81A0A0A7-2A66-44C1-B3DC-29BAA05DD21E}.Debug|Any CPU.Build.0 = Debug|Any CPU
		{81A0A0A7-2A66-44C1-B3DC-29BAA05DD21E}.Release|Any CPU.ActiveCfg = Release|Any CPU
		{81A0A0A7-2A66-44C1-B3DC-29BAA05DD21E}.Release|Any CPU.Build.0 = Release|Any CPU
		{61127FA4-A077-4F8E-B02D-EC7880CE984C}.Debug|Any CPU.ActiveCfg = Debug|Any CPU
		{61127FA4-A077-4F8E-B02D-EC7880CE984C}.Debug|Any CPU.Build.0 = Debug|Any CPU
		{61127FA4-A077-4F8E-B02D-EC7880CE984C}.Release|Any CPU.ActiveCfg = Release|Any CPU
		{61127FA4-A077-4F8E-B02D-EC7880CE984C}.Release|Any CPU.Build.0 = Release|Any CPU
	EndGlobalSection
	GlobalSection(SolutionProperties) = preSolution
		HideSolutionNode = FALSE
	EndGlobalSection
	GlobalSection(ExtensibilityGlobals) = postSolution
		SolutionGuid = {4A49E6EB-A222-4737-8C6E-2685D05EF544}
	EndGlobalSection
EndGlobal
