
Microsoft Visual Studio Solution File, Format Version 12.00
# Visual Studio 15
VisualStudioVersion = 15.0.27924.0
MinimumVisualStudioVersion = 10.0.40219.1
Project("{9A19103F-16F7-4668-BE54-9A1E7A4F7556}") = "jcIDS.service.app", "jcIDS.service.app\jcIDS.service.app.csproj", "{7C706D95-2363-48FB-98B2-44E007176507}"
EndProject
Project("{9A19103F-16F7-4668-BE54-9A1E7A4F7556}") = "jcIDS.library.core", "jcIDS.library.core\jcIDS.library.core.csproj", "{D01F89FE-D585-4858-9EAD-A838EE044C2C}"
EndProject
Project("{9A19103F-16F7-4668-BE54-9A1E7A4F7556}") = "jcIDS.library.UnitTests", "jcIDS.library.UnitTests\jcIDS.library.UnitTests.csproj", "{8B6FF7FE-0DB5-4AC7-ABB4-3260F5169532}"
EndProject
Project("{FAE04EC0-301F-11D3-BF4B-00C04F79EFBC}") = "jcIDS.web.api", "jcIDS.web.api\jcIDS.web.api.csproj", "{01DAE49F-1491-44AD-BDBE-64CF8A302D03}"
EndProject
Global
	GlobalSection(SolutionConfigurationPlatforms) = preSolution
		Debug|Any CPU = Debug|Any CPU
		Release|Any CPU = Release|Any CPU
	EndGlobalSection
	GlobalSection(ProjectConfigurationPlatforms) = postSolution
		{7C706D95-2363-48FB-98B2-44E007176507}.Debug|Any CPU.ActiveCfg = Debug|Any CPU
		{7C706D95-2363-48FB-98B2-44E007176507}.Debug|Any CPU.Build.0 = Debug|Any CPU
		{7C706D95-2363-48FB-98B2-44E007176507}.Release|Any CPU.ActiveCfg = Release|Any CPU
		{7C706D95-2363-48FB-98B2-44E007176507}.Release|Any CPU.Build.0 = Release|Any CPU
		{D01F89FE-D585-4858-9EAD-A838EE044C2C}.Debug|Any CPU.ActiveCfg = Debug|Any CPU
		{D01F89FE-D585-4858-9EAD-A838EE044C2C}.Debug|Any CPU.Build.0 = Debug|Any CPU
		{D01F89FE-D585-4858-9EAD-A838EE044C2C}.Release|Any CPU.ActiveCfg = Release|Any CPU
		{D01F89FE-D585-4858-9EAD-A838EE044C2C}.Release|Any CPU.Build.0 = Release|Any CPU
		{8B6FF7FE-0DB5-4AC7-ABB4-3260F5169532}.Debug|Any CPU.ActiveCfg = Debug|Any CPU
		{8B6FF7FE-0DB5-4AC7-ABB4-3260F5169532}.Debug|Any CPU.Build.0 = Debug|Any CPU
		{8B6FF7FE-0DB5-4AC7-ABB4-3260F5169532}.Release|Any CPU.ActiveCfg = Release|Any CPU
		{8B6FF7FE-0DB5-4AC7-ABB4-3260F5169532}.Release|Any CPU.Build.0 = Release|Any CPU
		{01DAE49F-1491-44AD-BDBE-64CF8A302D03}.Debug|Any CPU.ActiveCfg = Debug|Any CPU
		{01DAE49F-1491-44AD-BDBE-64CF8A302D03}.Debug|Any CPU.Build.0 = Debug|Any CPU
		{01DAE49F-1491-44AD-BDBE-64CF8A302D03}.Release|Any CPU.ActiveCfg = Release|Any CPU
		{01DAE49F-1491-44AD-BDBE-64CF8A302D03}.Release|Any CPU.Build.0 = Release|Any CPU
	EndGlobalSection
	GlobalSection(SolutionProperties) = preSolution
		HideSolutionNode = FALSE
	EndGlobalSection
	GlobalSection(ExtensibilityGlobals) = postSolution
		SolutionGuid = {08256162-7612-48F6-A80C-8A64369D91B9}
	EndGlobalSection
EndGlobal
