
Microsoft Visual Studio Solution File, Format Version 12.00
# Visual Studio 15
VisualStudioVersion = 15.0.25618.0
MinimumVisualStudioVersion = 10.0.40219.1
Project("{D954291E-2A0B-460D-934E-DC6B0785DB48}") = "jcIDS.Mobile", "jcIDS.Mobile\jcIDS.Mobile\jcIDS.Mobile.shproj", "{794E7AA6-80C0-4DEB-830A-E8C6C16C8C91}"
EndProject
Project("{FAE04EC0-301F-11D3-BF4B-00C04F79EFBC}") = "jcIDS.Mobile.Droid", "jcIDS.Mobile\jcIDS.Mobile.Droid\jcIDS.Mobile.Droid.csproj", "{983C125D-3512-4E41-9574-DB4E3FF6A103}"
EndProject
Project("{FAE04EC0-301F-11D3-BF4B-00C04F79EFBC}") = "jcIDS.Mobile.iOS", "jcIDS.Mobile\jcIDS.Mobile.iOS\jcIDS.Mobile.iOS.csproj", "{26B6DDED-716A-4B54-A97B-9E3AF1FD4CDC}"
EndProject
Project("{FAE04EC0-301F-11D3-BF4B-00C04F79EFBC}") = "jcIDS.Mobile.UWP", "jcIDS.Mobile\jcIDS.Mobile.UWP\jcIDS.Mobile.UWP.csproj", "{FB3608AA-151D-4D4F-9115-C382A55BED9E}"
EndProject
Project("{9092AA53-FB77-4645-B42D-1CCCA6BD08BD}") = "jcIDS.RESTService", "jcIDS.RESTService\jcIDS.RESTService.njsproj", "{18E55089-957D-4387-A0A0-D47BE6CD299F}"
EndProject
Project("{FAE04EC0-301F-11D3-BF4B-00C04F79EFBC}") = "jcIDS.Library", "jcIDS.Library\jcIDS.Library.csproj", "{8E92D832-474C-45B1-9DF2-D91684F89CE5}"
EndProject
Project("{FAE04EC0-301F-11D3-BF4B-00C04F79EFBC}") = "jcIDS.Service.UWP", "jcIDS.Service.UWP\jcIDS.Service.UWP.csproj", "{85E03556-A857-4F08-BB0F-5364C63D3643}"
EndProject
Global
	GlobalSection(SharedMSBuildProjectFiles) = preSolution
		jcIDS.Mobile\jcIDS.Mobile\jcIDS.Mobile.projitems*{26b6dded-716a-4b54-a97b-9e3af1fd4cdc}*SharedItemsImports = 4
		jcIDS.Mobile\jcIDS.Mobile\jcIDS.Mobile.projitems*{794e7aa6-80c0-4deb-830a-e8c6c16c8c91}*SharedItemsImports = 13
		jcIDS.Mobile\jcIDS.Mobile\jcIDS.Mobile.projitems*{983c125d-3512-4e41-9574-db4e3ff6a103}*SharedItemsImports = 4
		jcIDS.Mobile\jcIDS.Mobile\jcIDS.Mobile.projitems*{fb3608aa-151d-4d4f-9115-c382a55bed9e}*SharedItemsImports = 4
	EndGlobalSection
	GlobalSection(SolutionConfigurationPlatforms) = preSolution
		Ad-Hoc|Any CPU = Ad-Hoc|Any CPU
		Ad-Hoc|ARM = Ad-Hoc|ARM
		Ad-Hoc|iPhone = Ad-Hoc|iPhone
		Ad-Hoc|iPhoneSimulator = Ad-Hoc|iPhoneSimulator
		Ad-Hoc|x64 = Ad-Hoc|x64
		Ad-Hoc|x86 = Ad-Hoc|x86
		AppStore|Any CPU = AppStore|Any CPU
		AppStore|ARM = AppStore|ARM
		AppStore|iPhone = AppStore|iPhone
		AppStore|iPhoneSimulator = AppStore|iPhoneSimulator
		AppStore|x64 = AppStore|x64
		AppStore|x86 = AppStore|x86
		Debug|Any CPU = Debug|Any CPU
		Debug|ARM = Debug|ARM
		Debug|iPhone = Debug|iPhone
		Debug|iPhoneSimulator = Debug|iPhoneSimulator
		Debug|x64 = Debug|x64
		Debug|x86 = Debug|x86
		Release|Any CPU = Release|Any CPU
		Release|ARM = Release|ARM
		Release|iPhone = Release|iPhone
		Release|iPhoneSimulator = Release|iPhoneSimulator
		Release|x64 = Release|x64
		Release|x86 = Release|x86
	EndGlobalSection
	GlobalSection(ProjectConfigurationPlatforms) = postSolution
		{983C125D-3512-4E41-9574-DB4E3FF6A103}.Ad-Hoc|Any CPU.ActiveCfg = Release|Any CPU
		{983C125D-3512-4E41-9574-DB4E3FF6A103}.Ad-Hoc|Any CPU.Build.0 = Release|Any CPU
		{983C125D-3512-4E41-9574-DB4E3FF6A103}.Ad-Hoc|Any CPU.Deploy.0 = Release|Any CPU
		{983C125D-3512-4E41-9574-DB4E3FF6A103}.Ad-Hoc|ARM.ActiveCfg = Release|Any CPU
		{983C125D-3512-4E41-9574-DB4E3FF6A103}.Ad-Hoc|ARM.Build.0 = Release|Any CPU
		{983C125D-3512-4E41-9574-DB4E3FF6A103}.Ad-Hoc|ARM.Deploy.0 = Release|Any CPU
		{983C125D-3512-4E41-9574-DB4E3FF6A103}.Ad-Hoc|iPhone.ActiveCfg = Release|Any CPU
		{983C125D-3512-4E41-9574-DB4E3FF6A103}.Ad-Hoc|iPhone.Build.0 = Release|Any CPU
		{983C125D-3512-4E41-9574-DB4E3FF6A103}.Ad-Hoc|iPhone.Deploy.0 = Release|Any CPU
		{983C125D-3512-4E41-9574-DB4E3FF6A103}.Ad-Hoc|iPhoneSimulator.ActiveCfg = Release|Any CPU
		{983C125D-3512-4E41-9574-DB4E3FF6A103}.Ad-Hoc|iPhoneSimulator.Build.0 = Release|Any CPU
		{983C125D-3512-4E41-9574-DB4E3FF6A103}.Ad-Hoc|iPhoneSimulator.Deploy.0 = Release|Any CPU
		{983C125D-3512-4E41-9574-DB4E3FF6A103}.Ad-Hoc|x64.ActiveCfg = Release|Any CPU
		{983C125D-3512-4E41-9574-DB4E3FF6A103}.Ad-Hoc|x64.Build.0 = Release|Any CPU
		{983C125D-3512-4E41-9574-DB4E3FF6A103}.Ad-Hoc|x64.Deploy.0 = Release|Any CPU
		{983C125D-3512-4E41-9574-DB4E3FF6A103}.Ad-Hoc|x86.ActiveCfg = Release|Any CPU
		{983C125D-3512-4E41-9574-DB4E3FF6A103}.Ad-Hoc|x86.Build.0 = Release|Any CPU
		{983C125D-3512-4E41-9574-DB4E3FF6A103}.Ad-Hoc|x86.Deploy.0 = Release|Any CPU
		{983C125D-3512-4E41-9574-DB4E3FF6A103}.AppStore|Any CPU.ActiveCfg = Release|Any CPU
		{983C125D-3512-4E41-9574-DB4E3FF6A103}.AppStore|Any CPU.Build.0 = Release|Any CPU
		{983C125D-3512-4E41-9574-DB4E3FF6A103}.AppStore|Any CPU.Deploy.0 = Release|Any CPU
		{983C125D-3512-4E41-9574-DB4E3FF6A103}.AppStore|ARM.ActiveCfg = Release|Any CPU
		{983C125D-3512-4E41-9574-DB4E3FF6A103}.AppStore|ARM.Build.0 = Release|Any CPU
		{983C125D-3512-4E41-9574-DB4E3FF6A103}.AppStore|ARM.Deploy.0 = Release|Any CPU
		{983C125D-3512-4E41-9574-DB4E3FF6A103}.AppStore|iPhone.ActiveCfg = Release|Any CPU
		{983C125D-3512-4E41-9574-DB4E3FF6A103}.AppStore|iPhone.Build.0 = Release|Any CPU
		{983C125D-3512-4E41-9574-DB4E3FF6A103}.AppStore|iPhone.Deploy.0 = Release|Any CPU
		{983C125D-3512-4E41-9574-DB4E3FF6A103}.AppStore|iPhoneSimulator.ActiveCfg = Release|Any CPU
		{983C125D-3512-4E41-9574-DB4E3FF6A103}.AppStore|iPhoneSimulator.Build.0 = Release|Any CPU
		{983C125D-3512-4E41-9574-DB4E3FF6A103}.AppStore|iPhoneSimulator.Deploy.0 = Release|Any CPU
		{983C125D-3512-4E41-9574-DB4E3FF6A103}.AppStore|x64.ActiveCfg = Release|Any CPU
		{983C125D-3512-4E41-9574-DB4E3FF6A103}.AppStore|x64.Build.0 = Release|Any CPU
		{983C125D-3512-4E41-9574-DB4E3FF6A103}.AppStore|x64.Deploy.0 = Release|Any CPU
		{983C125D-3512-4E41-9574-DB4E3FF6A103}.AppStore|x86.ActiveCfg = Release|Any CPU
		{983C125D-3512-4E41-9574-DB4E3FF6A103}.AppStore|x86.Build.0 = Release|Any CPU
		{983C125D-3512-4E41-9574-DB4E3FF6A103}.AppStore|x86.Deploy.0 = Release|Any CPU
		{983C125D-3512-4E41-9574-DB4E3FF6A103}.Debug|Any CPU.ActiveCfg = Debug|Any CPU
		{983C125D-3512-4E41-9574-DB4E3FF6A103}.Debug|Any CPU.Build.0 = Debug|Any CPU
		{983C125D-3512-4E41-9574-DB4E3FF6A103}.Debug|Any CPU.Deploy.0 = Debug|Any CPU
		{983C125D-3512-4E41-9574-DB4E3FF6A103}.Debug|ARM.ActiveCfg = Debug|Any CPU
		{983C125D-3512-4E41-9574-DB4E3FF6A103}.Debug|ARM.Build.0 = Debug|Any CPU
		{983C125D-3512-4E41-9574-DB4E3FF6A103}.Debug|ARM.Deploy.0 = Debug|Any CPU
		{983C125D-3512-4E41-9574-DB4E3FF6A103}.Debug|iPhone.ActiveCfg = Debug|Any CPU
		{983C125D-3512-4E41-9574-DB4E3FF6A103}.Debug|iPhone.Build.0 = Debug|Any CPU
		{983C125D-3512-4E41-9574-DB4E3FF6A103}.Debug|iPhone.Deploy.0 = Debug|Any CPU
		{983C125D-3512-4E41-9574-DB4E3FF6A103}.Debug|iPhoneSimulator.ActiveCfg = Debug|Any CPU
		{983C125D-3512-4E41-9574-DB4E3FF6A103}.Debug|iPhoneSimulator.Build.0 = Debug|Any CPU
		{983C125D-3512-4E41-9574-DB4E3FF6A103}.Debug|iPhoneSimulator.Deploy.0 = Debug|Any CPU
		{983C125D-3512-4E41-9574-DB4E3FF6A103}.Debug|x64.ActiveCfg = Debug|Any CPU
		{983C125D-3512-4E41-9574-DB4E3FF6A103}.Debug|x64.Build.0 = Debug|Any CPU
		{983C125D-3512-4E41-9574-DB4E3FF6A103}.Debug|x64.Deploy.0 = Debug|Any CPU
		{983C125D-3512-4E41-9574-DB4E3FF6A103}.Debug|x86.ActiveCfg = Debug|Any CPU
		{983C125D-3512-4E41-9574-DB4E3FF6A103}.Debug|x86.Build.0 = Debug|Any CPU
		{983C125D-3512-4E41-9574-DB4E3FF6A103}.Debug|x86.Deploy.0 = Debug|Any CPU
		{983C125D-3512-4E41-9574-DB4E3FF6A103}.Release|Any CPU.ActiveCfg = Release|Any CPU
		{983C125D-3512-4E41-9574-DB4E3FF6A103}.Release|Any CPU.Build.0 = Release|Any CPU
		{983C125D-3512-4E41-9574-DB4E3FF6A103}.Release|Any CPU.Deploy.0 = Release|Any CPU
		{983C125D-3512-4E41-9574-DB4E3FF6A103}.Release|ARM.ActiveCfg = Release|Any CPU
		{983C125D-3512-4E41-9574-DB4E3FF6A103}.Release|ARM.Build.0 = Release|Any CPU
		{983C125D-3512-4E41-9574-DB4E3FF6A103}.Release|ARM.Deploy.0 = Release|Any CPU
		{983C125D-3512-4E41-9574-DB4E3FF6A103}.Release|iPhone.ActiveCfg = Release|Any CPU
		{983C125D-3512-4E41-9574-DB4E3FF6A103}.Release|iPhone.Build.0 = Release|Any CPU
		{983C125D-3512-4E41-9574-DB4E3FF6A103}.Release|iPhone.Deploy.0 = Release|Any CPU
		{983C125D-3512-4E41-9574-DB4E3FF6A103}.Release|iPhoneSimulator.ActiveCfg = Release|Any CPU
		{983C125D-3512-4E41-9574-DB4E3FF6A103}.Release|iPhoneSimulator.Build.0 = Release|Any CPU
		{983C125D-3512-4E41-9574-DB4E3FF6A103}.Release|iPhoneSimulator.Deploy.0 = Release|Any CPU
		{983C125D-3512-4E41-9574-DB4E3FF6A103}.Release|x64.ActiveCfg = Release|Any CPU
		{983C125D-3512-4E41-9574-DB4E3FF6A103}.Release|x64.Build.0 = Release|Any CPU
		{983C125D-3512-4E41-9574-DB4E3FF6A103}.Release|x64.Deploy.0 = Release|Any CPU
		{983C125D-3512-4E41-9574-DB4E3FF6A103}.Release|x86.ActiveCfg = Release|Any CPU
		{983C125D-3512-4E41-9574-DB4E3FF6A103}.Release|x86.Build.0 = Release|Any CPU
		{983C125D-3512-4E41-9574-DB4E3FF6A103}.Release|x86.Deploy.0 = Release|Any CPU
		{26B6DDED-716A-4B54-A97B-9E3AF1FD4CDC}.Ad-Hoc|Any CPU.ActiveCfg = Ad-Hoc|iPhone
		{26B6DDED-716A-4B54-A97B-9E3AF1FD4CDC}.Ad-Hoc|ARM.ActiveCfg = Ad-Hoc|iPhone
		{26B6DDED-716A-4B54-A97B-9E3AF1FD4CDC}.Ad-Hoc|iPhone.ActiveCfg = Ad-Hoc|iPhone
		{26B6DDED-716A-4B54-A97B-9E3AF1FD4CDC}.Ad-Hoc|iPhone.Build.0 = Ad-Hoc|iPhone
		{26B6DDED-716A-4B54-A97B-9E3AF1FD4CDC}.Ad-Hoc|iPhoneSimulator.ActiveCfg = Ad-Hoc|iPhoneSimulator
		{26B6DDED-716A-4B54-A97B-9E3AF1FD4CDC}.Ad-Hoc|iPhoneSimulator.Build.0 = Ad-Hoc|iPhoneSimulator
		{26B6DDED-716A-4B54-A97B-9E3AF1FD4CDC}.Ad-Hoc|x64.ActiveCfg = Ad-Hoc|iPhone
		{26B6DDED-716A-4B54-A97B-9E3AF1FD4CDC}.Ad-Hoc|x86.ActiveCfg = Ad-Hoc|iPhone
		{26B6DDED-716A-4B54-A97B-9E3AF1FD4CDC}.AppStore|Any CPU.ActiveCfg = AppStore|iPhone
		{26B6DDED-716A-4B54-A97B-9E3AF1FD4CDC}.AppStore|ARM.ActiveCfg = AppStore|iPhone
		{26B6DDED-716A-4B54-A97B-9E3AF1FD4CDC}.AppStore|iPhone.ActiveCfg = AppStore|iPhone
		{26B6DDED-716A-4B54-A97B-9E3AF1FD4CDC}.AppStore|iPhone.Build.0 = AppStore|iPhone
		{26B6DDED-716A-4B54-A97B-9E3AF1FD4CDC}.AppStore|iPhoneSimulator.ActiveCfg = AppStore|iPhoneSimulator
		{26B6DDED-716A-4B54-A97B-9E3AF1FD4CDC}.AppStore|iPhoneSimulator.Build.0 = AppStore|iPhoneSimulator
		{26B6DDED-716A-4B54-A97B-9E3AF1FD4CDC}.AppStore|x64.ActiveCfg = AppStore|iPhone
		{26B6DDED-716A-4B54-A97B-9E3AF1FD4CDC}.AppStore|x86.ActiveCfg = AppStore|iPhone
		{26B6DDED-716A-4B54-A97B-9E3AF1FD4CDC}.Debug|Any CPU.ActiveCfg = Debug|iPhone
		{26B6DDED-716A-4B54-A97B-9E3AF1FD4CDC}.Debug|ARM.ActiveCfg = Debug|iPhone
		{26B6DDED-716A-4B54-A97B-9E3AF1FD4CDC}.Debug|iPhone.ActiveCfg = Debug|iPhone
		{26B6DDED-716A-4B54-A97B-9E3AF1FD4CDC}.Debug|iPhone.Build.0 = Debug|iPhone
		{26B6DDED-716A-4B54-A97B-9E3AF1FD4CDC}.Debug|iPhoneSimulator.ActiveCfg = Debug|iPhoneSimulator
		{26B6DDED-716A-4B54-A97B-9E3AF1FD4CDC}.Debug|iPhoneSimulator.Build.0 = Debug|iPhoneSimulator
		{26B6DDED-716A-4B54-A97B-9E3AF1FD4CDC}.Debug|x64.ActiveCfg = Debug|iPhone
		{26B6DDED-716A-4B54-A97B-9E3AF1FD4CDC}.Debug|x86.ActiveCfg = Debug|iPhone
		{26B6DDED-716A-4B54-A97B-9E3AF1FD4CDC}.Release|Any CPU.ActiveCfg = Release|iPhone
		{26B6DDED-716A-4B54-A97B-9E3AF1FD4CDC}.Release|ARM.ActiveCfg = Release|iPhone
		{26B6DDED-716A-4B54-A97B-9E3AF1FD4CDC}.Release|iPhone.ActiveCfg = Release|iPhone
		{26B6DDED-716A-4B54-A97B-9E3AF1FD4CDC}.Release|iPhone.Build.0 = Release|iPhone
		{26B6DDED-716A-4B54-A97B-9E3AF1FD4CDC}.Release|iPhoneSimulator.ActiveCfg = Release|iPhoneSimulator
		{26B6DDED-716A-4B54-A97B-9E3AF1FD4CDC}.Release|iPhoneSimulator.Build.0 = Release|iPhoneSimulator
		{26B6DDED-716A-4B54-A97B-9E3AF1FD4CDC}.Release|x64.ActiveCfg = Release|iPhone
		{26B6DDED-716A-4B54-A97B-9E3AF1FD4CDC}.Release|x86.ActiveCfg = Release|iPhone
		{FB3608AA-151D-4D4F-9115-C382A55BED9E}.Ad-Hoc|Any CPU.ActiveCfg = Release|x86
		{FB3608AA-151D-4D4F-9115-C382A55BED9E}.Ad-Hoc|Any CPU.Build.0 = Release|x86
		{FB3608AA-151D-4D4F-9115-C382A55BED9E}.Ad-Hoc|Any CPU.Deploy.0 = Release|x86
		{FB3608AA-151D-4D4F-9115-C382A55BED9E}.Ad-Hoc|ARM.ActiveCfg = Release|ARM
		{FB3608AA-151D-4D4F-9115-C382A55BED9E}.Ad-Hoc|ARM.Build.0 = Release|ARM
		{FB3608AA-151D-4D4F-9115-C382A55BED9E}.Ad-Hoc|ARM.Deploy.0 = Release|ARM
		{FB3608AA-151D-4D4F-9115-C382A55BED9E}.Ad-Hoc|iPhone.ActiveCfg = Release|x86
		{FB3608AA-151D-4D4F-9115-C382A55BED9E}.Ad-Hoc|iPhone.Build.0 = Release|x86
		{FB3608AA-151D-4D4F-9115-C382A55BED9E}.Ad-Hoc|iPhone.Deploy.0 = Release|x86
		{FB3608AA-151D-4D4F-9115-C382A55BED9E}.Ad-Hoc|iPhoneSimulator.ActiveCfg = Release|x86
		{FB3608AA-151D-4D4F-9115-C382A55BED9E}.Ad-Hoc|iPhoneSimulator.Build.0 = Release|x86
		{FB3608AA-151D-4D4F-9115-C382A55BED9E}.Ad-Hoc|iPhoneSimulator.Deploy.0 = Release|x86
		{FB3608AA-151D-4D4F-9115-C382A55BED9E}.Ad-Hoc|x64.ActiveCfg = Release|x64
		{FB3608AA-151D-4D4F-9115-C382A55BED9E}.Ad-Hoc|x64.Build.0 = Release|x64
		{FB3608AA-151D-4D4F-9115-C382A55BED9E}.Ad-Hoc|x64.Deploy.0 = Release|x64
		{FB3608AA-151D-4D4F-9115-C382A55BED9E}.Ad-Hoc|x86.ActiveCfg = Release|x86
		{FB3608AA-151D-4D4F-9115-C382A55BED9E}.Ad-Hoc|x86.Build.0 = Release|x86
		{FB3608AA-151D-4D4F-9115-C382A55BED9E}.Ad-Hoc|x86.Deploy.0 = Release|x86
		{FB3608AA-151D-4D4F-9115-C382A55BED9E}.AppStore|Any CPU.ActiveCfg = Release|x86
		{FB3608AA-151D-4D4F-9115-C382A55BED9E}.AppStore|Any CPU.Build.0 = Release|x86
		{FB3608AA-151D-4D4F-9115-C382A55BED9E}.AppStore|Any CPU.Deploy.0 = Release|x86
		{FB3608AA-151D-4D4F-9115-C382A55BED9E}.AppStore|ARM.ActiveCfg = Release|ARM
		{FB3608AA-151D-4D4F-9115-C382A55BED9E}.AppStore|ARM.Build.0 = Release|ARM
		{FB3608AA-151D-4D4F-9115-C382A55BED9E}.AppStore|ARM.Deploy.0 = Release|ARM
		{FB3608AA-151D-4D4F-9115-C382A55BED9E}.AppStore|iPhone.ActiveCfg = Release|x86
		{FB3608AA-151D-4D4F-9115-C382A55BED9E}.AppStore|iPhone.Build.0 = Release|x86
		{FB3608AA-151D-4D4F-9115-C382A55BED9E}.AppStore|iPhone.Deploy.0 = Release|x86
		{FB3608AA-151D-4D4F-9115-C382A55BED9E}.AppStore|iPhoneSimulator.ActiveCfg = Release|x86
		{FB3608AA-151D-4D4F-9115-C382A55BED9E}.AppStore|iPhoneSimulator.Build.0 = Release|x86
		{FB3608AA-151D-4D4F-9115-C382A55BED9E}.AppStore|iPhoneSimulator.Deploy.0 = Release|x86
		{FB3608AA-151D-4D4F-9115-C382A55BED9E}.AppStore|x64.ActiveCfg = Release|x64
		{FB3608AA-151D-4D4F-9115-C382A55BED9E}.AppStore|x64.Build.0 = Release|x64
		{FB3608AA-151D-4D4F-9115-C382A55BED9E}.AppStore|x64.Deploy.0 = Release|x64
		{FB3608AA-151D-4D4F-9115-C382A55BED9E}.AppStore|x86.ActiveCfg = Release|x86
		{FB3608AA-151D-4D4F-9115-C382A55BED9E}.AppStore|x86.Build.0 = Release|x86
		{FB3608AA-151D-4D4F-9115-C382A55BED9E}.AppStore|x86.Deploy.0 = Release|x86
		{FB3608AA-151D-4D4F-9115-C382A55BED9E}.Debug|Any CPU.ActiveCfg = Debug|x86
		{FB3608AA-151D-4D4F-9115-C382A55BED9E}.Debug|ARM.ActiveCfg = Debug|ARM
		{FB3608AA-151D-4D4F-9115-C382A55BED9E}.Debug|ARM.Build.0 = Debug|ARM
		{FB3608AA-151D-4D4F-9115-C382A55BED9E}.Debug|ARM.Deploy.0 = Debug|ARM
		{FB3608AA-151D-4D4F-9115-C382A55BED9E}.Debug|iPhone.ActiveCfg = Debug|x86
		{FB3608AA-151D-4D4F-9115-C382A55BED9E}.Debug|iPhoneSimulator.ActiveCfg = Debug|x86
		{FB3608AA-151D-4D4F-9115-C382A55BED9E}.Debug|x64.ActiveCfg = Debug|x64
		{FB3608AA-151D-4D4F-9115-C382A55BED9E}.Debug|x64.Build.0 = Debug|x64
		{FB3608AA-151D-4D4F-9115-C382A55BED9E}.Debug|x64.Deploy.0 = Debug|x64
		{FB3608AA-151D-4D4F-9115-C382A55BED9E}.Debug|x86.ActiveCfg = Debug|x86
		{FB3608AA-151D-4D4F-9115-C382A55BED9E}.Debug|x86.Build.0 = Debug|x86
		{FB3608AA-151D-4D4F-9115-C382A55BED9E}.Debug|x86.Deploy.0 = Debug|x86
		{FB3608AA-151D-4D4F-9115-C382A55BED9E}.Release|Any CPU.ActiveCfg = Release|x86
		{FB3608AA-151D-4D4F-9115-C382A55BED9E}.Release|ARM.ActiveCfg = Release|ARM
		{FB3608AA-151D-4D4F-9115-C382A55BED9E}.Release|ARM.Build.0 = Release|ARM
		{FB3608AA-151D-4D4F-9115-C382A55BED9E}.Release|ARM.Deploy.0 = Release|ARM
		{FB3608AA-151D-4D4F-9115-C382A55BED9E}.Release|iPhone.ActiveCfg = Release|x86
		{FB3608AA-151D-4D4F-9115-C382A55BED9E}.Release|iPhoneSimulator.ActiveCfg = Release|x86
		{FB3608AA-151D-4D4F-9115-C382A55BED9E}.Release|x64.ActiveCfg = Release|x64
		{FB3608AA-151D-4D4F-9115-C382A55BED9E}.Release|x64.Build.0 = Release|x64
		{FB3608AA-151D-4D4F-9115-C382A55BED9E}.Release|x64.Deploy.0 = Release|x64
		{FB3608AA-151D-4D4F-9115-C382A55BED9E}.Release|x86.ActiveCfg = Release|x86
		{FB3608AA-151D-4D4F-9115-C382A55BED9E}.Release|x86.Build.0 = Release|x86
		{FB3608AA-151D-4D4F-9115-C382A55BED9E}.Release|x86.Deploy.0 = Release|x86
		{18E55089-957D-4387-A0A0-D47BE6CD299F}.Ad-Hoc|Any CPU.ActiveCfg = Release|Any CPU
		{18E55089-957D-4387-A0A0-D47BE6CD299F}.Ad-Hoc|Any CPU.Build.0 = Release|Any CPU
		{18E55089-957D-4387-A0A0-D47BE6CD299F}.Ad-Hoc|ARM.ActiveCfg = Release|Any CPU
		{18E55089-957D-4387-A0A0-D47BE6CD299F}.Ad-Hoc|ARM.Build.0 = Release|Any CPU
		{18E55089-957D-4387-A0A0-D47BE6CD299F}.Ad-Hoc|iPhone.ActiveCfg = Release|Any CPU
		{18E55089-957D-4387-A0A0-D47BE6CD299F}.Ad-Hoc|iPhone.Build.0 = Release|Any CPU
		{18E55089-957D-4387-A0A0-D47BE6CD299F}.Ad-Hoc|iPhoneSimulator.ActiveCfg = Release|Any CPU
		{18E55089-957D-4387-A0A0-D47BE6CD299F}.Ad-Hoc|iPhoneSimulator.Build.0 = Release|Any CPU
		{18E55089-957D-4387-A0A0-D47BE6CD299F}.Ad-Hoc|x64.ActiveCfg = Release|Any CPU
		{18E55089-957D-4387-A0A0-D47BE6CD299F}.Ad-Hoc|x64.Build.0 = Release|Any CPU
		{18E55089-957D-4387-A0A0-D47BE6CD299F}.Ad-Hoc|x86.ActiveCfg = Release|Any CPU
		{18E55089-957D-4387-A0A0-D47BE6CD299F}.Ad-Hoc|x86.Build.0 = Release|Any CPU
		{18E55089-957D-4387-A0A0-D47BE6CD299F}.AppStore|Any CPU.ActiveCfg = Release|Any CPU
		{18E55089-957D-4387-A0A0-D47BE6CD299F}.AppStore|Any CPU.Build.0 = Release|Any CPU
		{18E55089-957D-4387-A0A0-D47BE6CD299F}.AppStore|ARM.ActiveCfg = Release|Any CPU
		{18E55089-957D-4387-A0A0-D47BE6CD299F}.AppStore|ARM.Build.0 = Release|Any CPU
		{18E55089-957D-4387-A0A0-D47BE6CD299F}.AppStore|iPhone.ActiveCfg = Release|Any CPU
		{18E55089-957D-4387-A0A0-D47BE6CD299F}.AppStore|iPhone.Build.0 = Release|Any CPU
		{18E55089-957D-4387-A0A0-D47BE6CD299F}.AppStore|iPhoneSimulator.ActiveCfg = Release|Any CPU
		{18E55089-957D-4387-A0A0-D47BE6CD299F}.AppStore|iPhoneSimulator.Build.0 = Release|Any CPU
		{18E55089-957D-4387-A0A0-D47BE6CD299F}.AppStore|x64.ActiveCfg = Release|Any CPU
		{18E55089-957D-4387-A0A0-D47BE6CD299F}.AppStore|x64.Build.0 = Release|Any CPU
		{18E55089-957D-4387-A0A0-D47BE6CD299F}.AppStore|x86.ActiveCfg = Release|Any CPU
		{18E55089-957D-4387-A0A0-D47BE6CD299F}.AppStore|x86.Build.0 = Release|Any CPU
		{18E55089-957D-4387-A0A0-D47BE6CD299F}.Debug|Any CPU.ActiveCfg = Debug|Any CPU
		{18E55089-957D-4387-A0A0-D47BE6CD299F}.Debug|ARM.ActiveCfg = Debug|Any CPU
		{18E55089-957D-4387-A0A0-D47BE6CD299F}.Debug|ARM.Build.0 = Debug|Any CPU
		{18E55089-957D-4387-A0A0-D47BE6CD299F}.Debug|iPhone.ActiveCfg = Debug|Any CPU
		{18E55089-957D-4387-A0A0-D47BE6CD299F}.Debug|iPhone.Build.0 = Debug|Any CPU
		{18E55089-957D-4387-A0A0-D47BE6CD299F}.Debug|iPhoneSimulator.ActiveCfg = Debug|Any CPU
		{18E55089-957D-4387-A0A0-D47BE6CD299F}.Debug|iPhoneSimulator.Build.0 = Debug|Any CPU
		{18E55089-957D-4387-A0A0-D47BE6CD299F}.Debug|x64.ActiveCfg = Debug|Any CPU
		{18E55089-957D-4387-A0A0-D47BE6CD299F}.Debug|x64.Build.0 = Debug|Any CPU
		{18E55089-957D-4387-A0A0-D47BE6CD299F}.Debug|x86.ActiveCfg = Debug|Any CPU
		{18E55089-957D-4387-A0A0-D47BE6CD299F}.Debug|x86.Build.0 = Debug|Any CPU
		{18E55089-957D-4387-A0A0-D47BE6CD299F}.Release|Any CPU.ActiveCfg = Release|Any CPU
		{18E55089-957D-4387-A0A0-D47BE6CD299F}.Release|Any CPU.Build.0 = Release|Any CPU
		{18E55089-957D-4387-A0A0-D47BE6CD299F}.Release|ARM.ActiveCfg = Release|Any CPU
		{18E55089-957D-4387-A0A0-D47BE6CD299F}.Release|ARM.Build.0 = Release|Any CPU
		{18E55089-957D-4387-A0A0-D47BE6CD299F}.Release|iPhone.ActiveCfg = Release|Any CPU
		{18E55089-957D-4387-A0A0-D47BE6CD299F}.Release|iPhone.Build.0 = Release|Any CPU
		{18E55089-957D-4387-A0A0-D47BE6CD299F}.Release|iPhoneSimulator.ActiveCfg = Release|Any CPU
		{18E55089-957D-4387-A0A0-D47BE6CD299F}.Release|iPhoneSimulator.Build.0 = Release|Any CPU
		{18E55089-957D-4387-A0A0-D47BE6CD299F}.Release|x64.ActiveCfg = Release|Any CPU
		{18E55089-957D-4387-A0A0-D47BE6CD299F}.Release|x64.Build.0 = Release|Any CPU
		{18E55089-957D-4387-A0A0-D47BE6CD299F}.Release|x86.ActiveCfg = Release|Any CPU
		{18E55089-957D-4387-A0A0-D47BE6CD299F}.Release|x86.Build.0 = Release|Any CPU
		{8E92D832-474C-45B1-9DF2-D91684F89CE5}.Ad-Hoc|Any CPU.ActiveCfg = Release|Any CPU
		{8E92D832-474C-45B1-9DF2-D91684F89CE5}.Ad-Hoc|Any CPU.Build.0 = Release|Any CPU
		{8E92D832-474C-45B1-9DF2-D91684F89CE5}.Ad-Hoc|ARM.ActiveCfg = Release|Any CPU
		{8E92D832-474C-45B1-9DF2-D91684F89CE5}.Ad-Hoc|ARM.Build.0 = Release|Any CPU
		{8E92D832-474C-45B1-9DF2-D91684F89CE5}.Ad-Hoc|iPhone.ActiveCfg = Release|Any CPU
		{8E92D832-474C-45B1-9DF2-D91684F89CE5}.Ad-Hoc|iPhone.Build.0 = Release|Any CPU
		{8E92D832-474C-45B1-9DF2-D91684F89CE5}.Ad-Hoc|iPhoneSimulator.ActiveCfg = Release|Any CPU
		{8E92D832-474C-45B1-9DF2-D91684F89CE5}.Ad-Hoc|iPhoneSimulator.Build.0 = Release|Any CPU
		{8E92D832-474C-45B1-9DF2-D91684F89CE5}.Ad-Hoc|x64.ActiveCfg = Release|Any CPU
		{8E92D832-474C-45B1-9DF2-D91684F89CE5}.Ad-Hoc|x64.Build.0 = Release|Any CPU
		{8E92D832-474C-45B1-9DF2-D91684F89CE5}.Ad-Hoc|x86.ActiveCfg = Release|Any CPU
		{8E92D832-474C-45B1-9DF2-D91684F89CE5}.Ad-Hoc|x86.Build.0 = Release|Any CPU
		{8E92D832-474C-45B1-9DF2-D91684F89CE5}.AppStore|Any CPU.ActiveCfg = Release|Any CPU
		{8E92D832-474C-45B1-9DF2-D91684F89CE5}.AppStore|Any CPU.Build.0 = Release|Any CPU
		{8E92D832-474C-45B1-9DF2-D91684F89CE5}.AppStore|ARM.ActiveCfg = Release|Any CPU
		{8E92D832-474C-45B1-9DF2-D91684F89CE5}.AppStore|ARM.Build.0 = Release|Any CPU
		{8E92D832-474C-45B1-9DF2-D91684F89CE5}.AppStore|iPhone.ActiveCfg = Release|Any CPU
		{8E92D832-474C-45B1-9DF2-D91684F89CE5}.AppStore|iPhone.Build.0 = Release|Any CPU
		{8E92D832-474C-45B1-9DF2-D91684F89CE5}.AppStore|iPhoneSimulator.ActiveCfg = Release|Any CPU
		{8E92D832-474C-45B1-9DF2-D91684F89CE5}.AppStore|iPhoneSimulator.Build.0 = Release|Any CPU
		{8E92D832-474C-45B1-9DF2-D91684F89CE5}.AppStore|x64.ActiveCfg = Release|Any CPU
		{8E92D832-474C-45B1-9DF2-D91684F89CE5}.AppStore|x64.Build.0 = Release|Any CPU
		{8E92D832-474C-45B1-9DF2-D91684F89CE5}.AppStore|x86.ActiveCfg = Release|Any CPU
		{8E92D832-474C-45B1-9DF2-D91684F89CE5}.AppStore|x86.Build.0 = Release|Any CPU
		{8E92D832-474C-45B1-9DF2-D91684F89CE5}.Debug|Any CPU.ActiveCfg = Debug|Any CPU
		{8E92D832-474C-45B1-9DF2-D91684F89CE5}.Debug|Any CPU.Build.0 = Debug|Any CPU
		{8E92D832-474C-45B1-9DF2-D91684F89CE5}.Debug|ARM.ActiveCfg = Debug|Any CPU
		{8E92D832-474C-45B1-9DF2-D91684F89CE5}.Debug|ARM.Build.0 = Debug|Any CPU
		{8E92D832-474C-45B1-9DF2-D91684F89CE5}.Debug|iPhone.ActiveCfg = Debug|Any CPU
		{8E92D832-474C-45B1-9DF2-D91684F89CE5}.Debug|iPhone.Build.0 = Debug|Any CPU
		{8E92D832-474C-45B1-9DF2-D91684F89CE5}.Debug|iPhoneSimulator.ActiveCfg = Debug|Any CPU
		{8E92D832-474C-45B1-9DF2-D91684F89CE5}.Debug|iPhoneSimulator.Build.0 = Debug|Any CPU
		{8E92D832-474C-45B1-9DF2-D91684F89CE5}.Debug|x64.ActiveCfg = Debug|Any CPU
		{8E92D832-474C-45B1-9DF2-D91684F89CE5}.Debug|x64.Build.0 = Debug|Any CPU
		{8E92D832-474C-45B1-9DF2-D91684F89CE5}.Debug|x86.ActiveCfg = Debug|Any CPU
		{8E92D832-474C-45B1-9DF2-D91684F89CE5}.Debug|x86.Build.0 = Debug|Any CPU
		{8E92D832-474C-45B1-9DF2-D91684F89CE5}.Release|Any CPU.ActiveCfg = Release|Any CPU
		{8E92D832-474C-45B1-9DF2-D91684F89CE5}.Release|Any CPU.Build.0 = Release|Any CPU
		{8E92D832-474C-45B1-9DF2-D91684F89CE5}.Release|ARM.ActiveCfg = Release|Any CPU
		{8E92D832-474C-45B1-9DF2-D91684F89CE5}.Release|ARM.Build.0 = Release|Any CPU
		{8E92D832-474C-45B1-9DF2-D91684F89CE5}.Release|iPhone.ActiveCfg = Release|Any CPU
		{8E92D832-474C-45B1-9DF2-D91684F89CE5}.Release|iPhone.Build.0 = Release|Any CPU
		{8E92D832-474C-45B1-9DF2-D91684F89CE5}.Release|iPhoneSimulator.ActiveCfg = Release|Any CPU
		{8E92D832-474C-45B1-9DF2-D91684F89CE5}.Release|iPhoneSimulator.Build.0 = Release|Any CPU
		{8E92D832-474C-45B1-9DF2-D91684F89CE5}.Release|x64.ActiveCfg = Release|Any CPU
		{8E92D832-474C-45B1-9DF2-D91684F89CE5}.Release|x64.Build.0 = Release|Any CPU
		{8E92D832-474C-45B1-9DF2-D91684F89CE5}.Release|x86.ActiveCfg = Release|Any CPU
		{8E92D832-474C-45B1-9DF2-D91684F89CE5}.Release|x86.Build.0 = Release|Any CPU
		{85E03556-A857-4F08-BB0F-5364C63D3643}.Ad-Hoc|Any CPU.ActiveCfg = Release|x64
		{85E03556-A857-4F08-BB0F-5364C63D3643}.Ad-Hoc|Any CPU.Build.0 = Release|x64
		{85E03556-A857-4F08-BB0F-5364C63D3643}.Ad-Hoc|Any CPU.Deploy.0 = Release|x64
		{85E03556-A857-4F08-BB0F-5364C63D3643}.Ad-Hoc|ARM.ActiveCfg = Release|ARM
		{85E03556-A857-4F08-BB0F-5364C63D3643}.Ad-Hoc|ARM.Build.0 = Release|ARM
		{85E03556-A857-4F08-BB0F-5364C63D3643}.Ad-Hoc|ARM.Deploy.0 = Release|ARM
		{85E03556-A857-4F08-BB0F-5364C63D3643}.Ad-Hoc|iPhone.ActiveCfg = Release|x64
		{85E03556-A857-4F08-BB0F-5364C63D3643}.Ad-Hoc|iPhone.Build.0 = Release|x64
		{85E03556-A857-4F08-BB0F-5364C63D3643}.Ad-Hoc|iPhone.Deploy.0 = Release|x64
		{85E03556-A857-4F08-BB0F-5364C63D3643}.Ad-Hoc|iPhoneSimulator.ActiveCfg = Release|x64
		{85E03556-A857-4F08-BB0F-5364C63D3643}.Ad-Hoc|iPhoneSimulator.Build.0 = Release|x64
		{85E03556-A857-4F08-BB0F-5364C63D3643}.Ad-Hoc|iPhoneSimulator.Deploy.0 = Release|x64
		{85E03556-A857-4F08-BB0F-5364C63D3643}.Ad-Hoc|x64.ActiveCfg = Release|x64
		{85E03556-A857-4F08-BB0F-5364C63D3643}.Ad-Hoc|x64.Build.0 = Release|x64
		{85E03556-A857-4F08-BB0F-5364C63D3643}.Ad-Hoc|x64.Deploy.0 = Release|x64
		{85E03556-A857-4F08-BB0F-5364C63D3643}.Ad-Hoc|x86.ActiveCfg = Release|x86
		{85E03556-A857-4F08-BB0F-5364C63D3643}.Ad-Hoc|x86.Build.0 = Release|x86
		{85E03556-A857-4F08-BB0F-5364C63D3643}.Ad-Hoc|x86.Deploy.0 = Release|x86
		{85E03556-A857-4F08-BB0F-5364C63D3643}.AppStore|Any CPU.ActiveCfg = Release|x64
		{85E03556-A857-4F08-BB0F-5364C63D3643}.AppStore|Any CPU.Build.0 = Release|x64
		{85E03556-A857-4F08-BB0F-5364C63D3643}.AppStore|Any CPU.Deploy.0 = Release|x64
		{85E03556-A857-4F08-BB0F-5364C63D3643}.AppStore|ARM.ActiveCfg = Release|ARM
		{85E03556-A857-4F08-BB0F-5364C63D3643}.AppStore|ARM.Build.0 = Release|ARM
		{85E03556-A857-4F08-BB0F-5364C63D3643}.AppStore|ARM.Deploy.0 = Release|ARM
		{85E03556-A857-4F08-BB0F-5364C63D3643}.AppStore|iPhone.ActiveCfg = Release|x64
		{85E03556-A857-4F08-BB0F-5364C63D3643}.AppStore|iPhone.Build.0 = Release|x64
		{85E03556-A857-4F08-BB0F-5364C63D3643}.AppStore|iPhone.Deploy.0 = Release|x64
		{85E03556-A857-4F08-BB0F-5364C63D3643}.AppStore|iPhoneSimulator.ActiveCfg = Release|x64
		{85E03556-A857-4F08-BB0F-5364C63D3643}.AppStore|iPhoneSimulator.Build.0 = Release|x64
		{85E03556-A857-4F08-BB0F-5364C63D3643}.AppStore|iPhoneSimulator.Deploy.0 = Release|x64
		{85E03556-A857-4F08-BB0F-5364C63D3643}.AppStore|x64.ActiveCfg = Release|x64
		{85E03556-A857-4F08-BB0F-5364C63D3643}.AppStore|x64.Build.0 = Release|x64
		{85E03556-A857-4F08-BB0F-5364C63D3643}.AppStore|x64.Deploy.0 = Release|x64
		{85E03556-A857-4F08-BB0F-5364C63D3643}.AppStore|x86.ActiveCfg = Release|x86
		{85E03556-A857-4F08-BB0F-5364C63D3643}.AppStore|x86.Build.0 = Release|x86
		{85E03556-A857-4F08-BB0F-5364C63D3643}.AppStore|x86.Deploy.0 = Release|x86
		{85E03556-A857-4F08-BB0F-5364C63D3643}.Debug|Any CPU.ActiveCfg = Debug|x86
		{85E03556-A857-4F08-BB0F-5364C63D3643}.Debug|Any CPU.Build.0 = Debug|x86
		{85E03556-A857-4F08-BB0F-5364C63D3643}.Debug|Any CPU.Deploy.0 = Debug|x86
		{85E03556-A857-4F08-BB0F-5364C63D3643}.Debug|ARM.ActiveCfg = Debug|ARM
		{85E03556-A857-4F08-BB0F-5364C63D3643}.Debug|ARM.Build.0 = Debug|ARM
		{85E03556-A857-4F08-BB0F-5364C63D3643}.Debug|ARM.Deploy.0 = Debug|ARM
		{85E03556-A857-4F08-BB0F-5364C63D3643}.Debug|iPhone.ActiveCfg = Debug|x86
		{85E03556-A857-4F08-BB0F-5364C63D3643}.Debug|iPhoneSimulator.ActiveCfg = Debug|x86
		{85E03556-A857-4F08-BB0F-5364C63D3643}.Debug|x64.ActiveCfg = Debug|x64
		{85E03556-A857-4F08-BB0F-5364C63D3643}.Debug|x64.Build.0 = Debug|x64
		{85E03556-A857-4F08-BB0F-5364C63D3643}.Debug|x64.Deploy.0 = Debug|x64
		{85E03556-A857-4F08-BB0F-5364C63D3643}.Debug|x86.ActiveCfg = Debug|x86
		{85E03556-A857-4F08-BB0F-5364C63D3643}.Debug|x86.Build.0 = Debug|x86
		{85E03556-A857-4F08-BB0F-5364C63D3643}.Debug|x86.Deploy.0 = Debug|x86
		{85E03556-A857-4F08-BB0F-5364C63D3643}.Release|Any CPU.ActiveCfg = Release|x86
		{85E03556-A857-4F08-BB0F-5364C63D3643}.Release|ARM.ActiveCfg = Release|ARM
		{85E03556-A857-4F08-BB0F-5364C63D3643}.Release|ARM.Build.0 = Release|ARM
		{85E03556-A857-4F08-BB0F-5364C63D3643}.Release|ARM.Deploy.0 = Release|ARM
		{85E03556-A857-4F08-BB0F-5364C63D3643}.Release|iPhone.ActiveCfg = Release|x86
		{85E03556-A857-4F08-BB0F-5364C63D3643}.Release|iPhoneSimulator.ActiveCfg = Release|x86
		{85E03556-A857-4F08-BB0F-5364C63D3643}.Release|x64.ActiveCfg = Release|x64
		{85E03556-A857-4F08-BB0F-5364C63D3643}.Release|x64.Build.0 = Release|x64
		{85E03556-A857-4F08-BB0F-5364C63D3643}.Release|x64.Deploy.0 = Release|x64
		{85E03556-A857-4F08-BB0F-5364C63D3643}.Release|x86.ActiveCfg = Release|x86
		{85E03556-A857-4F08-BB0F-5364C63D3643}.Release|x86.Build.0 = Release|x86
		{85E03556-A857-4F08-BB0F-5364C63D3643}.Release|x86.Deploy.0 = Release|x86
	EndGlobalSection
	GlobalSection(SolutionProperties) = preSolution
		HideSolutionNode = FALSE
	EndGlobalSection
EndGlobal
