
Microsoft Visual Studio Solution File, Format Version 12.00
# Visual Studio Version 16
VisualStudioVersion = 16.0.29911.84
MinimumVisualStudioVersion = 10.0.40219.1
Project("{9A19103F-16F7-4668-BE54-9A1E7A4F7556}") = "MLIDS.DataCapture", "MLIDS.DataCapture\MLIDS.DataCapture.csproj", "{29BE5E85-4D71-4F9F-B708-120CDA5A4CF6}"
EndProject
Project("{9A19103F-16F7-4668-BE54-9A1E7A4F7556}") = "MLIDS.lib", "MLIDS.lib\MLIDS.lib.csproj", "{A45511ED-FA4E-463B-88B8-D2138334DF74}"
EndProject
Project("{9A19103F-16F7-4668-BE54-9A1E7A4F7556}") = "MLIDS.ModelTrainer", "MLIDS.ModelTrainer\MLIDS.ModelTrainer.csproj", "{DCBC4249-A8E5-4017-BCF7-B70500D2F27A}"
EndProject
Project("{FAE04EC0-301F-11D3-BF4B-00C04F79EFBC}") = "MLIDS.Detector", "MLIDS.Detector\MLIDS.Detector.csproj", "{04B0263C-8E39-4488-AE18-17CBB7F41C1D}"
EndProject
Global
	GlobalSection(SolutionConfigurationPlatforms) = preSolution
		Debug|Any CPU = Debug|Any CPU
		Debug|x86 = Debug|x86
		Release|Any CPU = Release|Any CPU
		Release|x86 = Release|x86
	EndGlobalSection
	GlobalSection(ProjectConfigurationPlatforms) = postSolution
		{29BE5E85-4D71-4F9F-B708-120CDA5A4CF6}.Debug|Any CPU.ActiveCfg = Debug|Any CPU
		{29BE5E85-4D71-4F9F-B708-120CDA5A4CF6}.Debug|Any CPU.Build.0 = Debug|Any CPU
		{29BE5E85-4D71-4F9F-B708-120CDA5A4CF6}.Debug|x86.ActiveCfg = Debug|x86
		{29BE5E85-4D71-4F9F-B708-120CDA5A4CF6}.Debug|x86.Build.0 = Debug|x86
		{29BE5E85-4D71-4F9F-B708-120CDA5A4CF6}.Release|Any CPU.ActiveCfg = Release|Any CPU
		{29BE5E85-4D71-4F9F-B708-120CDA5A4CF6}.Release|Any CPU.Build.0 = Release|Any CPU
		{29BE5E85-4D71-4F9F-B708-120CDA5A4CF6}.Release|x86.ActiveCfg = Release|x86
		{29BE5E85-4D71-4F9F-B708-120CDA5A4CF6}.Release|x86.Build.0 = Release|x86
		{A45511ED-FA4E-463B-88B8-D2138334DF74}.Debug|Any CPU.ActiveCfg = Debug|Any CPU
		{A45511ED-FA4E-463B-88B8-D2138334DF74}.Debug|Any CPU.Build.0 = Debug|Any CPU
		{A45511ED-FA4E-463B-88B8-D2138334DF74}.Debug|x86.ActiveCfg = Debug|Any CPU
		{A45511ED-FA4E-463B-88B8-D2138334DF74}.Debug|x86.Build.0 = Debug|Any CPU
		{A45511ED-FA4E-463B-88B8-D2138334DF74}.Release|Any CPU.ActiveCfg = Release|Any CPU
		{A45511ED-FA4E-463B-88B8-D2138334DF74}.Release|Any CPU.Build.0 = Release|Any CPU
		{A45511ED-FA4E-463B-88B8-D2138334DF74}.Release|x86.ActiveCfg = Release|Any CPU
		{A45511ED-FA4E-463B-88B8-D2138334DF74}.Release|x86.Build.0 = Release|Any CPU
		{DCBC4249-A8E5-4017-BCF7-B70500D2F27A}.Debug|Any CPU.ActiveCfg = Debug|Any CPU
		{DCBC4249-A8E5-4017-BCF7-B70500D2F27A}.Debug|Any CPU.Build.0 = Debug|Any CPU
		{DCBC4249-A8E5-4017-BCF7-B70500D2F27A}.Debug|x86.ActiveCfg = Debug|Any CPU
		{DCBC4249-A8E5-4017-BCF7-B70500D2F27A}.Debug|x86.Build.0 = Debug|Any CPU
		{DCBC4249-A8E5-4017-BCF7-B70500D2F27A}.Release|Any CPU.ActiveCfg = Release|Any CPU
		{DCBC4249-A8E5-4017-BCF7-B70500D2F27A}.Release|Any CPU.Build.0 = Release|Any CPU
		{DCBC4249-A8E5-4017-BCF7-B70500D2F27A}.Release|x86.ActiveCfg = Release|Any CPU
		{DCBC4249-A8E5-4017-BCF7-B70500D2F27A}.Release|x86.Build.0 = Release|Any CPU
		{04B0263C-8E39-4488-AE18-17CBB7F41C1D}.Debug|Any CPU.ActiveCfg = Debug|Any CPU
		{04B0263C-8E39-4488-AE18-17CBB7F41C1D}.Debug|Any CPU.Build.0 = Debug|Any CPU
		{04B0263C-8E39-4488-AE18-17CBB7F41C1D}.Debug|x86.ActiveCfg = Debug|Any CPU
		{04B0263C-8E39-4488-AE18-17CBB7F41C1D}.Debug|x86.Build.0 = Debug|Any CPU
		{04B0263C-8E39-4488-AE18-17CBB7F41C1D}.Release|Any CPU.ActiveCfg = Release|Any CPU
		{04B0263C-8E39-4488-AE18-17CBB7F41C1D}.Release|Any CPU.Build.0 = Release|Any CPU
		{04B0263C-8E39-4488-AE18-17CBB7F41C1D}.Release|x86.ActiveCfg = Release|Any CPU
		{04B0263C-8E39-4488-AE18-17CBB7F41C1D}.Release|x86.Build.0 = Release|Any CPU
	EndGlobalSection
	GlobalSection(SolutionProperties) = preSolution
		HideSolutionNode = FALSE
	EndGlobalSection
	GlobalSection(ExtensibilityGlobals) = postSolution
		SolutionGuid = {B4707E09-F1AD-4343-A5D6-6316C9E83CEC}
	EndGlobalSection
EndGlobal
